
Microsoft Visual Studio Solution File, Format Version 12.00
# Visual Studio Version 17
VisualStudioVersion = 17.5.33025.470
MinimumVisualStudioVersion = 10.0.40219.1
Project("{FAE04EC0-301F-11D3-BF4B-00C04F79EFBC}") = "SourceGeneratorPlayground", "SourceGeneratorPlayground\SourceGeneratorPlayground.csproj", "{0D437A64-3C9E-432E-96ED-7F4BE6F964B1}"
EndProject
Project("{FAE04EC0-301F-11D3-BF4B-00C04F79EFBC}") = "SourceGenExperiments", "SourceGenExperiments\SourceGenExperiments.csproj", "{EEE2D3BD-AEF0-422B-854C-1EEFA64750F8}"
EndProject
Global
	GlobalSection(SolutionConfigurationPlatforms) = preSolution
		Debug|Any CPU = Debug|Any CPU
		Release|Any CPU = Release|Any CPU
	EndGlobalSection
	GlobalSection(ProjectConfigurationPlatforms) = postSolution
		{0D437A64-3C9E-432E-96ED-7F4BE6F964B1}.Debug|Any CPU.ActiveCfg = Debug|Any CPU
		{0D437A64-3C9E-432E-96ED-7F4BE6F964B1}.Debug|Any CPU.Build.0 = Debug|Any CPU
		{0D437A64-3C9E-432E-96ED-7F4BE6F964B1}.Release|Any CPU.ActiveCfg = Release|Any CPU
		{0D437A64-3C9E-432E-96ED-7F4BE6F964B1}.Release|Any CPU.Build.0 = Release|Any CPU
		{EEE2D3BD-AEF0-422B-854C-1EEFA64750F8}.Debug|Any CPU.ActiveCfg = Debug|Any CPU
		{EEE2D3BD-AEF0-422B-854C-1EEFA64750F8}.Debug|Any CPU.Build.0 = Debug|Any CPU
		{EEE2D3BD-AEF0-422B-854C-1EEFA64750F8}.Release|Any CPU.ActiveCfg = Release|Any CPU
		{EEE2D3BD-AEF0-422B-854C-1EEFA64750F8}.Release|Any CPU.Build.0 = Release|Any CPU
	EndGlobalSection
	GlobalSection(SolutionProperties) = preSolution
		HideSolutionNode = FALSE
	EndGlobalSection
	GlobalSection(ExtensibilityGlobals) = postSolution
		SolutionGuid = {29F91124-37C1-40AE-8997-2B92BC70021C}
	EndGlobalSection
EndGlobal
